PODS:
  - audioplayers_darwin (0.0.1):
    - FlutterMacOS
  - awesome_notifications (0.0.1):
    - FlutterMacOS
  - FlutterMacOS (1.0.0)
  - FMDB (2.7.5):
    - FMDB/standard (= 2.7.5)
  - FMDB/standard (2.7.5)
  - path_provider_foundation (0.0.1):
    - Flutter
    - FlutterMacOS
  - shared_preferences_foundation (0.0.1):
    - Flutter
    - FlutterMacOS
  - sqflite (0.0.2):
    - FlutterMacOS
    - FMDB (>= 2.7.5)
  - video_player_macos (0.0.1):
    - FlutterMacOS
  - wakelock_macos (0.0.1):
    - FlutterMacOS
  - zego_express_engine (3.2.1):
    - FlutterMacOS
    - ZegoExpressEngine-macOS (= 3.2.1)
  - zego_zim (2.7.1):
    - FlutterMacOS
    - ZIM_macOS (= 2.7.1)
  - ZegoExpressEngine-macOS (3.2.1)
  - ZIM_macOS (2.7.1)

DEPENDENCIES:
  - audioplayers_darwin (from `Flutter/ephemeral/.symlinks/plugins/audioplayers_darwin/macos`)
  - awesome_notifications (from `Flutter/ephemeral/.symlinks/plugins/awesome_notifications/macos`)
  - FlutterMacOS (from `Flutter/ephemeral`)
  - path_provider_foundation (from `Flutter/ephemeral/.symlinks/plugins/path_provider_foundation/macos`)
  - shared_preferences_foundation (from `Flutter/ephemeral/.symlinks/plugins/shared_preferences_foundation/macos`)
  - sqflite (from `Flutter/ephemeral/.symlinks/plugins/sqflite/macos`)
  - video_player_macos (from `Flutter/ephemeral/.symlinks/plugins/video_player_macos/macos`)
  - wakelock_macos (from `Flutter/ephemeral/.symlinks/plugins/wakelock_macos/macos`)
  - zego_express_engine (from `Flutter/ephemeral/.symlinks/plugins/zego_express_engine/macos`)
  - zego_zim (from `Flutter/ephemeral/.symlinks/plugins/zego_zim/macos`)

SPEC REPOS:
  trunk:
    - FMDB
    - ZegoExpressEngine-macOS
    - ZIM_macOS

EXTERNAL SOURCES:
  audioplayers_darwin:
    :path: Flutter/ephemeral/.symlinks/plugins/audioplayers_darwin/macos
  awesome_notifications:
    :path: Flutter/ephemeral/.symlinks/plugins/awesome_notifications/macos
  FlutterMacOS:
    :path: Flutter/ephemeral
  path_provider_foundation:
    :path: Flutter/ephemeral/.symlinks/plugins/path_provider_foundation/macos
  shared_preferences_foundation:
    :path: Flutter/ephemeral/.symlinks/plugins/shared_preferences_foundation/macos
  sqflite:
    :path: Flutter/ephemeral/.symlinks/plugins/sqflite/macos
  video_player_macos:
    :path: Flutter/ephemeral/.symlinks/plugins/video_player_macos/macos
  wakelock_macos:
    :path: Flutter/ephemeral/.symlinks/plugins/wakelock_macos/macos
  zego_express_engine:
    :path: Flutter/ephemeral/.symlinks/plugins/zego_express_engine/macos
  zego_zim:
    :path: Flutter/ephemeral/.symlinks/plugins/zego_zim/macos

SPEC CHECKSUMS:
  audioplayers_darwin: dcad41de4fbd0099cb3749f7ab3b0cb8f70b810c
  awesome_notifications: 428f5c15a700b117418aed09e29c21c5806fcf69
  FlutterMacOS: 8f6f14fa908a6fb3fba0cd85dbd81ec4b251fb24
  FMDB: 2ce00b547f966261cd18927a3ddb07cb6f3db82a
  path_provider_foundation: c68054786f1b4f3343858c1e1d0caaded73f0be9
  shared_preferences_foundation: e2dae3258e06f44cc55f49d42024fd8dd03c590c
  sqflite: a5789cceda41d54d23f31d6de539d65bb14100ea
  video_player_macos: 7a50b407d775a45392851b1218a9cf4be395cf7f
  wakelock_macos: bc3f2a9bd8d2e6c89fee1e1822e7ddac3bd004a9
  zego_express_engine: 237517f64d5cbe16ed83282e9b067e42479eb7b1
  zego_zim: 3ab316ac50a57d399b829fe80767fb92ff5d211e
  ZegoExpressEngine-macOS: 11cbcb092ce8bb7a0ed4cf4ab151c8a877fc5d6d
  ZIM_macOS: 6ef1fad5e4890b4bccaf25c568b497ebac29a3ad

PODFILE CHECKSUM: 353c8bcc5d5b0994e508d035b5431cfe18c1dea7

COCOAPODS: 1.12.1
